PODS:
  - Alamofire (4.6.0)
  - GoogleMaps (2.5.0):
    - GoogleMaps/Maps (= 2.5.0)
  - GoogleMaps/Base (2.5.0)
  - GoogleMaps/Maps (2.5.0):
    - GoogleMaps/Base
  - GooglePlacePicker (2.5.0):
    - GoogleMaps (= 2.5.0)
    - GooglePlaces (= 2.5.0)
  - GooglePlaces (2.5.0):
    - GoogleMaps/Base (= 2.5.0)
  - Nuke (6.0)

DEPENDENCIES:
  - Alamofire
  - GoogleMaps
  - GooglePlacePicker
  - GooglePlaces
  - Nuke (~> 6.0)

SPEC CHECKSUMS:
  Alamofire: f41a599bd63041760b26d393ec1069d9d7b917f4
  GoogleMaps: c087b8e5dfe87ca6ebf59adb9b4894a4146bec4f
  GooglePlacePicker: 1573e644ab54564d95c2643edc0f29091609e966
  GooglePlaces: dd70d9d71ea1c7944846afe67de3712c99b30a77
  Nuke: d83812262734dad51e3c498cb1c4f7923f2b78c6

PODFILE CHECKSUM: c7affc9e91323583638baf278e053312d84afb4d

COCOAPODS: 1.4.0
